
Microsoft Visual Studio Solution File, Format Version 12.00
# Visual Studio Version 17
VisualStudioVersion = 17.9.34728.123
MinimumVisualStudioVersion = 10.0.40219.1
Project("{FAE04EC0-301F-11D3-BF4B-00C04F79EFBC}") = "TheZombieGame", "TheZombieGame\TheZombieGame.csproj", "{CF2FF3E3-F32D-43F3-9DDE-2302562C8EE4}"
EndProject
Global
	GlobalSection(SolutionConfigurationPlatforms) = preSolution
		Debug|Any CPU = Debug|Any CPU
		Release|Any CPU = Release|Any CPU
	EndGlobalSection
	GlobalSection(ProjectConfigurationPlatforms) = postSolution
		{CF2FF3E3-F32D-43F3-9DDE-2302562C8EE4}.Debug|Any CPU.ActiveCfg = Debug|Any CPU
		{CF2FF3E3-F32D-43F3-9DDE-2302562C8EE4}.Debug|Any CPU.Build.0 = Debug|Any CPU
		{CF2FF3E3-F32D-43F3-9DDE-2302562C8EE4}.Release|Any CPU.ActiveCfg = Release|Any CPU
		{CF2FF3E3-F32D-43F3-9DDE-2302562C8EE4}.Release|Any CPU.Build.0 = Release|Any CPU
	EndGlobalSection
	GlobalSection(SolutionProperties) = preSolution
		HideSolutionNode = FALSE
	EndGlobalSection
	GlobalSection(ExtensibilityGlobals) = postSolution
		SolutionGuid = {E278619B-44DF-4AEA-94EA-B41DA070A451}
	EndGlobalSection
EndGlobal
